
Microsoft Visual Studio Solution File, Format Version 12.00
Project("{FAE04EC0-301F-11D3-BF4B-00C04F79EFBC}") = "TaoOnehacker.DataStructure.Test", "TaoOnehacker.DataStructure.Test\TaoOnehacker.DataStructure.Test.csproj", "{C6BB53CD-0B7B-4D71-BFBC-60198C488FCA}"
EndProject
Project("{FAE04EC0-301F-11D3-BF4B-00C04F79EFBC}") = "TaoOnehacker.DataStructure.Application", "TaoOnehacker.DataStructure.Application\TaoOnehacker.DataStructure.Application.csproj", "{763EC3D0-6996-49A6-9285-74FD857ECAE1}"
EndProject
Global
	GlobalSection(SolutionConfigurationPlatforms) = preSolution
		Debug|Any CPU = Debug|Any CPU
		Release|Any CPU = Release|Any CPU
	EndGlobalSection
	GlobalSection(ProjectConfigurationPlatforms) = postSolution
		{C6BB53CD-0B7B-4D71-BFBC-60198C488FCA}.Debug|Any CPU.ActiveCfg = Debug|Any CPU
		{C6BB53CD-0B7B-4D71-BFBC-60198C488FCA}.Debug|Any CPU.Build.0 = Debug|Any CPU
		{C6BB53CD-0B7B-4D71-BFBC-60198C488FCA}.Release|Any CPU.ActiveCfg = Release|Any CPU
		{C6BB53CD-0B7B-4D71-BFBC-60198C488FCA}.Release|Any CPU.Build.0 = Release|Any CPU
		{763EC3D0-6996-49A6-9285-74FD857ECAE1}.Debug|Any CPU.ActiveCfg = Debug|Any CPU
		{763EC3D0-6996-49A6-9285-74FD857ECAE1}.Debug|Any CPU.Build.0 = Debug|Any CPU
		{763EC3D0-6996-49A6-9285-74FD857ECAE1}.Release|Any CPU.ActiveCfg = Release|Any CPU
		{763EC3D0-6996-49A6-9285-74FD857ECAE1}.Release|Any CPU.Build.0 = Release|Any CPU
	EndGlobalSection
EndGlobal
